
Microsoft Visual Studio Solution File, Format Version 12.00
# Visual Studio Version 16
VisualStudioVersion = 16.0.31729.503
MinimumVisualStudioVersion = 10.0.40219.1
Project("{FAE04EC0-301F-11D3-BF4B-00C04F79EFBC}") = "To_do_List_ARI", "To_do_List_ARI\To_do_List_ARI.csproj", "{3390BA9E-E887-4BF6-AF8D-801FDC4C6AD1}"
EndProject
Global
	GlobalSection(SolutionConfigurationPlatforms) = preSolution
		Debug|Any CPU = Debug|Any CPU
		Release|Any CPU = Release|Any CPU
	EndGlobalSection
	GlobalSection(ProjectConfigurationPlatforms) = postSolution
		{3390BA9E-E887-4BF6-AF8D-801FDC4C6AD1}.Debug|Any CPU.ActiveCfg = Debug|Any CPU
		{3390BA9E-E887-4BF6-AF8D-801FDC4C6AD1}.Debug|Any CPU.Build.0 = Debug|Any CPU
		{3390BA9E-E887-4BF6-AF8D-801FDC4C6AD1}.Release|Any CPU.ActiveCfg = Release|Any CPU
		{3390BA9E-E887-4BF6-AF8D-801FDC4C6AD1}.Release|Any CPU.Build.0 = Release|Any CPU
	EndGlobalSection
	GlobalSection(SolutionProperties) = preSolution
		HideSolutionNode = FALSE
	EndGlobalSection
	GlobalSection(ExtensibilityGlobals) = postSolution
		SolutionGuid = {344E0AE8-47E8-4431-BA0B-51C1D3ACAEEB}
	EndGlobalSection
EndGlobal
